
Microsoft Visual Studio Solution File, Format Version 11.00
# Visual Studio 2010
Project("{FAE04EC0-301F-11D3-BF4B-00C04F79EFBC}") = "Demo", "Demo\Demo.csproj", "{72FABF72-8881-4602-8CDC-795AC1E1A599}"
EndProject
Project("{FAE04EC0-301F-11D3-BF4B-00C04F79EFBC}") = "TreeViewEx.Lib", "TreeViewEx.Lib\TreeViewEx.Lib.csproj", "{4540330B-4413-4F52-8B2F-936CF5FF278E}"
EndProject
Global
	GlobalSection(SolutionConfigurationPlatforms) = preSolution
		Debug|Any CPU = Debug|Any CPU
		Debug|Mixed Platforms = Debug|Mixed Platforms
		Debug|x86 = Debug|x86
		Release|Any CPU = Release|Any CPU
		Release|Mixed Platforms = Release|Mixed Platforms
		Release|x86 = Release|x86
	EndGlobalSection
	GlobalSection(ProjectConfigurationPlatforms) = postSolution
		{72FABF72-8881-4602-8CDC-795AC1E1A599}.Debug|Any CPU.ActiveCfg = Debug|x86
		{72FABF72-8881-4602-8CDC-795AC1E1A599}.Debug|Mixed Platforms.ActiveCfg = Debug|x86
		{72FABF72-8881-4602-8CDC-795AC1E1A599}.Debug|Mixed Platforms.Build.0 = Debug|x86
		{72FABF72-8881-4602-8CDC-795AC1E1A599}.Debug|x86.ActiveCfg = Debug|x86
		{72FABF72-8881-4602-8CDC-795AC1E1A599}.Debug|x86.Build.0 = Debug|x86
		{72FABF72-8881-4602-8CDC-795AC1E1A599}.Release|Any CPU.ActiveCfg = Release|x86
		{72FABF72-8881-4602-8CDC-795AC1E1A599}.Release|Mixed Platforms.ActiveCfg = Release|x86
		{72FABF72-8881-4602-8CDC-795AC1E1A599}.Release|Mixed Platforms.Build.0 = Release|x86
		{72FABF72-8881-4602-8CDC-795AC1E1A599}.Release|x86.ActiveCfg = Release|x86
		{72FABF72-8881-4602-8CDC-795AC1E1A599}.Release|x86.Build.0 = Release|x86
		{4540330B-4413-4F52-8B2F-936CF5FF278E}.Debug|Any CPU.ActiveCfg = Debug|Any CPU
		{4540330B-4413-4F52-8B2F-936CF5FF278E}.Debug|Any CPU.Build.0 = Debug|Any CPU
		{4540330B-4413-4F52-8B2F-936CF5FF278E}.Debug|Mixed Platforms.ActiveCfg = Debug|Any CPU
		{4540330B-4413-4F52-8B2F-936CF5FF278E}.Debug|Mixed Platforms.Build.0 = Debug|Any CPU
		{4540330B-4413-4F52-8B2F-936CF5FF278E}.Debug|x86.ActiveCfg = Debug|Any CPU
		{4540330B-4413-4F52-8B2F-936CF5FF278E}.Release|Any CPU.ActiveCfg = Release|Any CPU
		{4540330B-4413-4F52-8B2F-936CF5FF278E}.Release|Any CPU.Build.0 = Release|Any CPU
		{4540330B-4413-4F52-8B2F-936CF5FF278E}.Release|Mixed Platforms.ActiveCfg = Release|Any CPU
		{4540330B-4413-4F52-8B2F-936CF5FF278E}.Release|Mixed Platforms.Build.0 = Release|Any CPU
		{4540330B-4413-4F52-8B2F-936CF5FF278E}.Release|x86.ActiveCfg = Release|Any CPU
	EndGlobalSection
	GlobalSection(SolutionProperties) = preSolution
		HideSolutionNode = FALSE
	EndGlobalSection
EndGlobal
